
Microsoft Visual Studio Solution File, Format Version 12.00
# Visual Studio 15
VisualStudioVersion = 15.0.26430.16
MinimumVisualStudioVersion = 10.0.40219.1
Project("{8BC9CEB8-8B4A-11D0-8D11-00A0C91BC942}") = "CellularAutomata", "CellularAutomata\CellularAutomata.vcxproj", "{B5B9B469-B94F-4E97-BDA6-5B04D5FCA60F}"
EndProject
Project("{8BC9CEB8-8B4A-11D0-8D11-00A0C91BC942}") = "CellularAutomataTests", "CellularAutomataTests\CellularAutomataTests.vcxproj", "{CBB97C18-6D8E-48FF-925A-251610B3E00F}"
EndProject
Project("{8BC9CEB8-8B4A-11D0-8D11-00A0C91BC942}") = "CellularAutomataEvaluation", "CellularAutomataEvaluation\CellularAutomataEvaluation.vcxproj", "{BFCF1D96-96D2-4D83-9560-DAEDB435BE4C}"
	ProjectSection(ProjectDependencies) = postProject
		{B5B9B469-B94F-4E97-BDA6-5B04D5FCA60F} = {B5B9B469-B94F-4E97-BDA6-5B04D5FCA60F}
	EndProjectSection
EndProject
Project("{8BC9CEB8-8B4A-11D0-8D11-00A0C91BC942}") = "CellularAutomataInterface", "Interface\Interface.vcxproj", "{56E79A26-CF44-47F3-B533-1CDF60EE547E}"
	ProjectSection(ProjectDependencies) = postProject
		{B5B9B469-B94F-4E97-BDA6-5B04D5FCA60F} = {B5B9B469-B94F-4E97-BDA6-5B04D5FCA60F}
	EndProjectSection
EndProject
Global
	GlobalSection(SolutionConfigurationPlatforms) = preSolution
		Debug|x64 = Debug|x64
		Debug|x86 = Debug|x86
		Release|x64 = Release|x64
		Release|x86 = Release|x86
	EndGlobalSection
	GlobalSection(ProjectConfigurationPlatforms) = postSolution
		{B5B9B469-B94F-4E97-BDA6-5B04D5FCA60F}.Debug|x64.ActiveCfg = Debug|x64
		{B5B9B469-B94F-4E97-BDA6-5B04D5FCA60F}.Debug|x64.Build.0 = Debug|x64
		{B5B9B469-B94F-4E97-BDA6-5B04D5FCA60F}.Debug|x86.ActiveCfg = Debug|Win32
		{B5B9B469-B94F-4E97-BDA6-5B04D5FCA60F}.Debug|x86.Build.0 = Debug|Win32
		{B5B9B469-B94F-4E97-BDA6-5B04D5FCA60F}.Release|x64.ActiveCfg = Release|x64
		{B5B9B469-B94F-4E97-BDA6-5B04D5FCA60F}.Release|x64.Build.0 = Release|x64
		{B5B9B469-B94F-4E97-BDA6-5B04D5FCA60F}.Release|x86.ActiveCfg = Release|Win32
		{B5B9B469-B94F-4E97-BDA6-5B04D5FCA60F}.Release|x86.Build.0 = Release|Win32
		{CBB97C18-6D8E-48FF-925A-251610B3E00F}.Debug|x64.ActiveCfg = Debug|x64
		{CBB97C18-6D8E-48FF-925A-251610B3E00F}.Debug|x64.Build.0 = Debug|x64
		{CBB97C18-6D8E-48FF-925A-251610B3E00F}.Debug|x86.ActiveCfg = Debug|Win32
		{CBB97C18-6D8E-48FF-925A-251610B3E00F}.Debug|x86.Build.0 = Debug|Win32
		{CBB97C18-6D8E-48FF-925A-251610B3E00F}.Release|x64.ActiveCfg = Release|x64
		{CBB97C18-6D8E-48FF-925A-251610B3E00F}.Release|x64.Build.0 = Release|x64
		{CBB97C18-6D8E-48FF-925A-251610B3E00F}.Release|x86.ActiveCfg = Release|Win32
		{CBB97C18-6D8E-48FF-925A-251610B3E00F}.Release|x86.Build.0 = Release|Win32
		{BFCF1D96-96D2-4D83-9560-DAEDB435BE4C}.Debug|x64.ActiveCfg = Debug|x64
		{BFCF1D96-96D2-4D83-9560-DAEDB435BE4C}.Debug|x64.Build.0 = Debug|x64
		{BFCF1D96-96D2-4D83-9560-DAEDB435BE4C}.Debug|x86.ActiveCfg = Debug|Win32
		{BFCF1D96-96D2-4D83-9560-DAEDB435BE4C}.Debug|x86.Build.0 = Debug|Win32
		{BFCF1D96-96D2-4D83-9560-DAEDB435BE4C}.Release|x64.ActiveCfg = Release|x64
		{BFCF1D96-96D2-4D83-9560-DAEDB435BE4C}.Release|x64.Build.0 = Release|x64
		{BFCF1D96-96D2-4D83-9560-DAEDB435BE4C}.Release|x86.ActiveCfg = Release|Win32
		{BFCF1D96-96D2-4D83-9560-DAEDB435BE4C}.Release|x86.Build.0 = Release|Win32
		{56E79A26-CF44-47F3-B533-1CDF60EE547E}.Debug|x64.ActiveCfg = Debug|x64
		{56E79A26-CF44-47F3-B533-1CDF60EE547E}.Debug|x64.Build.0 = Debug|x64
		{56E79A26-CF44-47F3-B533-1CDF60EE547E}.Debug|x86.ActiveCfg = Debug|Win32
		{56E79A26-CF44-47F3-B533-1CDF60EE547E}.Debug|x86.Build.0 = Debug|Win32
		{56E79A26-CF44-47F3-B533-1CDF60EE547E}.Release|x64.ActiveCfg = Release|x64
		{56E79A26-CF44-47F3-B533-1CDF60EE547E}.Release|x64.Build.0 = Release|x64
		{56E79A26-CF44-47F3-B533-1CDF60EE547E}.Release|x86.ActiveCfg = Release|Win32
		{56E79A26-CF44-47F3-B533-1CDF60EE547E}.Release|x86.Build.0 = Release|Win32
	EndGlobalSection
	GlobalSection(SolutionProperties) = preSolution
		HideSolutionNode = FALSE
	EndGlobalSection
	GlobalSection(ExtensibilityGlobals) = postSolution
		SolutionGuid = {A7F4E36E-EE1C-4591-A593-59BC104E4104}
	EndGlobalSection
EndGlobal
