<?xml version="1.0" encoding="utf-8"?>
<Project ToolsVersion="4.0" xmlns="http://schemas.microsoft.com/developer/msbuild/2003">
  <ItemGroup>
    <Filter Include="Source Files">
      <UniqueIdentifier>{4FC737F1-C7A5-4376-A066-2A32D752A2FF}</UniqueIdentifier>
      <Extensions>cpp;c;cc;cxx;def;odl;idl;hpj;bat;asm;asmx</Extensions>
    </Filter>
    <Filter Include="Header Files">
      <UniqueIdentifier>{93995380-89BD-4b04-88EB-625FBE52EBFB}</UniqueIdentifier>
      <Extensions>h;hh;hpp;hxx;hm;inl;inc;xsd</Extensions>
    </Filter>
    <Filter Include="Resource Files">
      <UniqueIdentifier>{67DA6AB6-F800-4c08-8B7A-83BB121AAD01}</UniqueIdentifier>
      <Extensions>rc;ico;cur;bmp;dlg;rc2;rct;bin;rgs;gif;jpg;jpeg;jpe;resx;tiff;tif;png;wav;mfcribbon-ms</Extensions>
    </Filter>
    <Filter Include="Inline Files">
      <UniqueIdentifier>{7828ac4d-2e5f-42e1-a989-12c291aad6ac}</UniqueIdentifier>
    </Filter>
    <Filter Include="CUDA Files">
      <UniqueIdentifier>{4a6a662a-b1d2-452f-a8b4-01760184bd93}</UniqueIdentifier>
    </Filter>
  </ItemGroup>
  <ItemGroup>
    <ClCompile Include="SegmenterStrips.cpp">
      <Filter>Source Files</Filter>
    </ClCompile>
  </ItemGroup>
  <ItemGroup>
    <None Include="ZonerPixels.inl">
      <Filter>Inline Files</Filter>
    </None>
    <None Include="SimulatorVector.inl">
      <Filter>Inline Files</Filter>
    </None>
    <None Include="SimulatorSequentialZoning.inl">
      <Filter>Inline Files</Filter>
    </None>
    <None Include="SimulatorSequential.inl">
      <Filter>Inline Files</Filter>
    </None>
    <None Include="ISimulator.inl">
      <Filter>Inline Files</Filter>
    </None>
    <None Include="RulesBML.inl">
      <Filter>Inline Files</Filter>
    </None>
    <None Include="RulesConway.inl">
      <Filter>Inline Files</Filter>
    </None>
    <None Include="SimulatorCPU.inl">
      <Filter>Inline Files</Filter>
    </None>
    <None Include="SimulatorCPUZoning.inl">
      <Filter>Inline Files</Filter>
    </None>
    <None Include="SimulatorArray.inl">
      <Filter>Inline Files</Filter>
    </None>
    <None Include="RulesArrayConway.inl">
      <Filter>Inline Files</Filter>
    </None>
    <None Include="RulesArrayBML.inl">
      <Filter>Inline Files</Filter>
    </None>
    <None Include="SimulatorGPU.inl">
      <Filter>Inline Files</Filter>
    </None>
    <None Include="ZonerArrayPixels.inl">
      <Filter>Inline Files</Filter>
    </None>
    <None Include="SimulatorGPUZoning.inl">
      <Filter>Inline Files</Filter>
    </None>
  </ItemGroup>
  <ItemGroup>
    <ClInclude Include="IDeadZoneHandler.hpp">
      <Filter>Header Files</Filter>
    </ClInclude>
    <ClInclude Include="IRules.hpp">
      <Filter>Header Files</Filter>
    </ClInclude>
    <ClInclude Include="ISegmenter.hpp">
      <Filter>Header Files</Filter>
    </ClInclude>
    <ClInclude Include="ISimulator.hpp">
      <Filter>Header Files</Filter>
    </ClInclude>
    <ClInclude Include="RulesBML.hpp">
      <Filter>Header Files</Filter>
    </ClInclude>
    <ClInclude Include="RulesConway.hpp">
      <Filter>Header Files</Filter>
    </ClInclude>
    <ClInclude Include="SegmenterStrips.hpp">
      <Filter>Header Files</Filter>
    </ClInclude>
    <ClInclude Include="SimulatorCPU.hpp">
      <Filter>Header Files</Filter>
    </ClInclude>
    <ClInclude Include="SimulatorCPUZoning.hpp">
      <Filter>Header Files</Filter>
    </ClInclude>
    <ClInclude Include="SimulatorSequential.hpp">
      <Filter>Header Files</Filter>
    </ClInclude>
    <ClInclude Include="SimulatorSequentialZoning.hpp">
      <Filter>Header Files</Filter>
    </ClInclude>
    <ClInclude Include="SimulatorVector.hpp">
      <Filter>Header Files</Filter>
    </ClInclude>
    <ClInclude Include="Stopwatch.hpp">
      <Filter>Header Files</Filter>
    </ClInclude>
    <ClInclude Include="ZonerPixels.hpp">
      <Filter>Header Files</Filter>
    </ClInclude>
    <ClInclude Include="SimulatorArray.hpp">
      <Filter>Header Files</Filter>
    </ClInclude>
    <ClInclude Include="IRulesArray.hpp">
      <Filter>Header Files</Filter>
    </ClInclude>
    <ClInclude Include="RulesArrayConway.hpp">
      <Filter>Header Files</Filter>
    </ClInclude>
    <ClInclude Include="RulesArrayBML.hpp">
      <Filter>Header Files</Filter>
    </ClInclude>
    <ClInclude Include="SimulatorGPU.hpp">
      <Filter>Header Files</Filter>
    </ClInclude>
    <ClInclude Include="SimulatorGPUZoning.hpp">
      <Filter>Header Files</Filter>
    </ClInclude>
    <ClInclude Include="IDeadZoneHandlerArray.hpp">
      <Filter>Header Files</Filter>
    </ClInclude>
    <ClInclude Include="ZonerArrayPixels.hpp">
      <Filter>Header Files</Filter>
    </ClInclude>
  </ItemGroup>
  <ItemGroup>
    <CudaCompile Include="SimulatorGPU.cu">
      <Filter>CUDA Files</Filter>
    </CudaCompile>
  </ItemGroup>
</Project>