<?xml version="1.0" encoding="utf-8"?>
<Project ToolsVersion="4.0" xmlns="http://schemas.microsoft.com/developer/msbuild/2003">
  <ItemGroup>
    <Filter Include="Source Files">
      <UniqueIdentifier>{4FC737F1-C7A5-4376-A066-2A32D752A2FF}</UniqueIdentifier>
      <Extensions>cpp;c;cc;cxx;def;odl;idl;hpj;bat;asm;asmx</Extensions>
    </Filter>
    <Filter Include="Header Files">
      <UniqueIdentifier>{93995380-89BD-4b04-88EB-625FBE52EBFB}</UniqueIdentifier>
      <Extensions>h;hh;hpp;hxx;hm;inl;inc;xsd</Extensions>
    </Filter>
    <Filter Include="Resource Files">
      <UniqueIdentifier>{67DA6AB6-F800-4c08-8B7A-83BB121AAD01}</UniqueIdentifier>
      <Extensions>rc;ico;cur;bmp;dlg;rc2;rct;bin;rgs;gif;jpg;jpeg;jpe;resx;tiff;tif;png;wav;mfcribbon-ms</Extensions>
    </Filter>
  </ItemGroup>
  <ItemGroup>
    <ClInclude Include="ISimulator.h">
      <Filter>Header Files</Filter>
    </ClInclude>
    <ClInclude Include="Stopwatch.h">
      <Filter>Header Files</Filter>
    </ClInclude>
    <ClInclude Include="IRules.h">
      <Filter>Header Files</Filter>
    </ClInclude>
    <ClInclude Include="RulesConway.h">
      <Filter>Header Files</Filter>
    </ClInclude>
    <ClInclude Include="SimulatorSequential.h">
      <Filter>Header Files</Filter>
    </ClInclude>
    <ClInclude Include="RulesBML.h">
      <Filter>Header Files</Filter>
    </ClInclude>
    <ClInclude Include="SimulatorCPU.h">
      <Filter>Header Files</Filter>
    </ClInclude>
    <ClInclude Include="ISegmenter.h">
      <Filter>Header Files</Filter>
    </ClInclude>
    <ClInclude Include="SegmenterStrips.h">
      <Filter>Header Files</Filter>
    </ClInclude>
    <ClInclude Include="IDeadZoneHandler.h">
      <Filter>Header Files</Filter>
    </ClInclude>
    <ClInclude Include="ZonerRectangles.h">
      <Filter>Header Files</Filter>
    </ClInclude>
    <ClInclude Include="ZonerPixels.h">
      <Filter>Header Files</Filter>
    </ClInclude>
    <ClInclude Include="SimulatorSequentialZoning.h">
      <Filter>Header Files</Filter>
    </ClInclude>
    <ClInclude Include="SimulatorVector.h">
      <Filter>Header Files</Filter>
    </ClInclude>
  </ItemGroup>
  <ItemGroup>
    <ClCompile Include="main.cpp">
      <Filter>Source Files</Filter>
    </ClCompile>
    <ClCompile Include="RulesConway.cpp">
      <Filter>Source Files</Filter>
    </ClCompile>
    <ClCompile Include="SimulatorSequential.cpp">
      <Filter>Source Files</Filter>
    </ClCompile>
    <ClCompile Include="RulesBML.cpp">
      <Filter>Source Files</Filter>
    </ClCompile>
    <ClCompile Include="SimulatorCPU.cpp">
      <Filter>Source Files</Filter>
    </ClCompile>
    <ClCompile Include="ISegmenter.cpp">
      <Filter>Source Files</Filter>
    </ClCompile>
    <ClCompile Include="SegmenterStrips.cpp">
      <Filter>Source Files</Filter>
    </ClCompile>
    <ClCompile Include="ISimulator.cpp">
      <Filter>Source Files</Filter>
    </ClCompile>
    <ClCompile Include="IDeadZoneHandler.cpp">
      <Filter>Source Files</Filter>
    </ClCompile>
    <ClCompile Include="ZonerRectangles.cpp">
      <Filter>Source Files</Filter>
    </ClCompile>
    <ClCompile Include="ZonerPixels.cpp">
      <Filter>Source Files</Filter>
    </ClCompile>
    <ClCompile Include="SimulatorSequentialZoning.cpp">
      <Filter>Source Files</Filter>
    </ClCompile>
    <ClCompile Include="SimulatorVector.cpp">
      <Filter>Source Files</Filter>
    </ClCompile>
  </ItemGroup>
</Project>