<?xml version="1.0" encoding="utf-8"?>
<Project ToolsVersion="4.0" xmlns="http://schemas.microsoft.com/developer/msbuild/2003">
  <ItemGroup>
    <Filter Include="Source Files">
      <UniqueIdentifier>{4FC737F1-C7A5-4376-A066-2A32D752A2FF}</UniqueIdentifier>
      <Extensions>cpp;c;cc;cxx;def;odl;idl;hpj;bat;asm;asmx</Extensions>
    </Filter>
    <Filter Include="Header Files">
      <UniqueIdentifier>{93995380-89BD-4b04-88EB-625FBE52EBFB}</UniqueIdentifier>
      <Extensions>h;hh;hpp;hxx;hm;inl;inc;xsd</Extensions>
    </Filter>
    <Filter Include="Resource Files">
      <UniqueIdentifier>{67DA6AB6-F800-4c08-8B7A-83BB121AAD01}</UniqueIdentifier>
      <Extensions>rc;ico;cur;bmp;dlg;rc2;rct;bin;rgs;gif;jpg;jpeg;jpe;resx;tiff;tif;png;wav;mfcribbon-ms</Extensions>
    </Filter>
    <Filter Include="Inline Files">
      <UniqueIdentifier>{7828ac4d-2e5f-42e1-a989-12c291aad6ac}</UniqueIdentifier>
    </Filter>
  </ItemGroup>
  <ItemGroup>
    <ClInclude Include="ISimulator.h">
      <Filter>Header Files</Filter>
    </ClInclude>
    <ClInclude Include="Stopwatch.h">
      <Filter>Header Files</Filter>
    </ClInclude>
    <ClInclude Include="IRules.h">
      <Filter>Header Files</Filter>
    </ClInclude>
    <ClInclude Include="RulesConway.h">
      <Filter>Header Files</Filter>
    </ClInclude>
    <ClInclude Include="SimulatorSequential.h">
      <Filter>Header Files</Filter>
    </ClInclude>
    <ClInclude Include="RulesBML.h">
      <Filter>Header Files</Filter>
    </ClInclude>
    <ClInclude Include="SimulatorCPU.h">
      <Filter>Header Files</Filter>
    </ClInclude>
    <ClInclude Include="ISegmenter.h">
      <Filter>Header Files</Filter>
    </ClInclude>
    <ClInclude Include="SegmenterStrips.h">
      <Filter>Header Files</Filter>
    </ClInclude>
    <ClInclude Include="IDeadZoneHandler.h">
      <Filter>Header Files</Filter>
    </ClInclude>
    <ClInclude Include="ZonerRectangles.h">
      <Filter>Header Files</Filter>
    </ClInclude>
    <ClInclude Include="ZonerPixels.h">
      <Filter>Header Files</Filter>
    </ClInclude>
    <ClInclude Include="SimulatorSequentialZoning.h">
      <Filter>Header Files</Filter>
    </ClInclude>
    <ClInclude Include="SimulatorVector.h">
      <Filter>Header Files</Filter>
    </ClInclude>
    <ClInclude Include="SimulatorCPUZoning.h">
      <Filter>Header Files</Filter>
    </ClInclude>
  </ItemGroup>
  <ItemGroup>
    <ClCompile Include="main.cpp">
      <Filter>Source Files</Filter>
    </ClCompile>
    <ClCompile Include="SegmenterStrips.cpp">
      <Filter>Source Files</Filter>
    </ClCompile>
  </ItemGroup>
  <ItemGroup>
    <None Include="ZonerRectangles.inl">
      <Filter>Inline Files</Filter>
    </None>
    <None Include="ZonerPixels.inl">
      <Filter>Inline Files</Filter>
    </None>
    <None Include="SimulatorVector.inl">
      <Filter>Inline Files</Filter>
    </None>
    <None Include="SimulatorSequentialZoning.inl">
      <Filter>Inline Files</Filter>
    </None>
    <None Include="SimulatorSequential.inl">
      <Filter>Inline Files</Filter>
    </None>
    <None Include="ISimulator.inl">
      <Filter>Inline Files</Filter>
    </None>
    <None Include="RulesBML.inl">
      <Filter>Inline Files</Filter>
    </None>
    <None Include="RulesConway.inl">
      <Filter>Inline Files</Filter>
    </None>
    <None Include="SimulatorCPU.inl">
      <Filter>Inline Files</Filter>
    </None>
    <None Include="SimulatorCPUZoning.inl">
      <Filter>Inline Files</Filter>
    </None>
    <None Include="CellularAutomata.def">
      <Filter>Source Files</Filter>
    </None>
  </ItemGroup>
</Project>